
Microsoft Visual Studio Solution File, Format Version 12.00
# Visual Studio Version 17
VisualStudioVersion = 17.1.32328.378
MinimumVisualStudioVersion = 10.0.40219.1
Project("{9A19103F-16F7-4668-BE54-9A1E7A4F7556}") = "AvaliacaoEspartaLabs", "AvaliacaoEspartaLabs\AvaliacaoEspartaLabs.csproj", "{D636A91D-279B-42FB-B0B2-0A626E1B60CD}"
EndProject
Project("{9A19103F-16F7-4668-BE54-9A1E7A4F7556}") = "AvaliacaoEspartaLabs.Domain", "Domain\AvaliacaoEspartaLabs.Domain\AvaliacaoEspartaLabs.Domain.csproj", "{A8007D99-6657-464A-A580-D1C1AD313DAA}"
EndProject
Project("{FAE04EC0-301F-11D3-BF4B-00C04F79EFBC}") = "AvaliacaoEspartaLabs.Service", "Service\AvaliacaoEspartaLabs.Service\AvaliacaoEspartaLabs.Service.csproj", "{0E7F3EFC-2214-4EA8-8460-3CBB59741D24}"
EndProject
Project("{FAE04EC0-301F-11D3-BF4B-00C04F79EFBC}") = "AvaliacaoEspartaLabs.Infra", "Infra\AvaliacaoEspartaLabs.Infra\AvaliacaoEspartaLabs.Infra.csproj", "{489FFED1-4682-412B-B38D-986F108FAC9E}"
EndProject
Global
	GlobalSection(SolutionConfigurationPlatforms) = preSolution
		Debug|Any CPU = Debug|Any CPU
		Release|Any CPU = Release|Any CPU
	EndGlobalSection
	GlobalSection(ProjectConfigurationPlatforms) = postSolution
		{D636A91D-279B-42FB-B0B2-0A626E1B60CD}.Debug|Any CPU.ActiveCfg = Debug|Any CPU
		{D636A91D-279B-42FB-B0B2-0A626E1B60CD}.Debug|Any CPU.Build.0 = Debug|Any CPU
		{D636A91D-279B-42FB-B0B2-0A626E1B60CD}.Release|Any CPU.ActiveCfg = Release|Any CPU
		{D636A91D-279B-42FB-B0B2-0A626E1B60CD}.Release|Any CPU.Build.0 = Release|Any CPU
		{A8007D99-6657-464A-A580-D1C1AD313DAA}.Debug|Any CPU.ActiveCfg = Debug|Any CPU
		{A8007D99-6657-464A-A580-D1C1AD313DAA}.Debug|Any CPU.Build.0 = Debug|Any CPU
		{A8007D99-6657-464A-A580-D1C1AD313DAA}.Release|Any CPU.ActiveCfg = Release|Any CPU
		{A8007D99-6657-464A-A580-D1C1AD313DAA}.Release|Any CPU.Build.0 = Release|Any CPU
		{0E7F3EFC-2214-4EA8-8460-3CBB59741D24}.Debug|Any CPU.ActiveCfg = Debug|Any CPU
		{0E7F3EFC-2214-4EA8-8460-3CBB59741D24}.Debug|Any CPU.Build.0 = Debug|Any CPU
		{0E7F3EFC-2214-4EA8-8460-3CBB59741D24}.Release|Any CPU.ActiveCfg = Release|Any CPU
		{0E7F3EFC-2214-4EA8-8460-3CBB59741D24}.Release|Any CPU.Build.0 = Release|Any CPU
		{489FFED1-4682-412B-B38D-986F108FAC9E}.Debug|Any CPU.ActiveCfg = Debug|Any CPU
		{489FFED1-4682-412B-B38D-986F108FAC9E}.Debug|Any CPU.Build.0 = Debug|Any CPU
		{489FFED1-4682-412B-B38D-986F108FAC9E}.Release|Any CPU.ActiveCfg = Release|Any CPU
		{489FFED1-4682-412B-B38D-986F108FAC9E}.Release|Any CPU.Build.0 = Release|Any CPU
	EndGlobalSection
	GlobalSection(SolutionProperties) = preSolution
		HideSolutionNode = FALSE
	EndGlobalSection
	GlobalSection(ExtensibilityGlobals) = postSolution
		SolutionGuid = {F9F7FBAF-E7E6-497B-98F8-7FD46395FE11}
	EndGlobalSection
EndGlobal
